
Microsoft Visual Studio Solution File, Format Version 12.00
# Visual Studio 15
VisualStudioVersion = 15.0.27703.2042
MinimumVisualStudioVersion = 10.0.40219.1
Project("{FAE04EC0-301F-11D3-BF4B-00C04F79EFBC}") = "bancomer-dotnet", "bancomer-dotnet.csproj", "{2C753BC1-4D6C-49D2-8F8F-1FE4F4F6BBBD}"
EndProject
Global
	GlobalSection(SolutionConfigurationPlatforms) = preSolution
		Debug|Any CPU = Debug|Any CPU
		Release|Any CPU = Release|Any CPU
	EndGlobalSection
	GlobalSection(ProjectConfigurationPlatforms) = postSolution
		{2C753BC1-4D6C-49D2-8F8F-1FE4F4F6BBBD}.Debug|Any CPU.ActiveCfg = Debug|Any CPU
		{2C753BC1-4D6C-49D2-8F8F-1FE4F4F6BBBD}.Debug|Any CPU.Build.0 = Debug|Any CPU
		{2C753BC1-4D6C-49D2-8F8F-1FE4F4F6BBBD}.Release|Any CPU.ActiveCfg = Release|Any CPU
		{2C753BC1-4D6C-49D2-8F8F-1FE4F4F6BBBD}.Release|Any CPU.Build.0 = Release|Any CPU
	EndGlobalSection
	GlobalSection(SolutionProperties) = preSolution
		HideSolutionNode = FALSE
	EndGlobalSection
	GlobalSection(ExtensibilityGlobals) = postSolution
		SolutionGuid = {035E319A-8D55-48E8-B86F-CED9E1B2B59F}
	EndGlobalSection
EndGlobal
